
Microsoft Visual Studio Solution File, Format Version 12.00
# Visual Studio Version 17
VisualStudioVersion = 17.14.36414.22 d17.14
MinimumVisualStudioVersion = 10.0.40219.1
Project("{FAE04EC0-301F-11D3-BF4B-00C04F79EFBC}") = "Assignment.Web", "Assignment.Web\Assignment.Web.csproj", "{800F289A-DD25-4D69-9382-27AB93F1316D}"
EndProject
Project("{FAE04EC0-301F-11D3-BF4B-00C04F79EFBC}") = "Assignment.Model", "Assignment.Model\Assignment.Model.csproj", "{751BE187-9CA1-42C1-962A-6613795825AD}"
EndProject
Project("{FAE04EC0-301F-11D3-BF4B-00C04F79EFBC}") = "Assignment.DAL", "Assignment.DAL\Assignment.DAL.csproj", "{5F48C9EC-AE1E-43FA-8E16-E797A59E2E17}"
EndProject
Project("{FAE04EC0-301F-11D3-BF4B-00C04F79EFBC}") = "Assignment.BLL", "Assignment.BLL\Assignment.BLL.csproj", "{2B0ACA55-99E1-4414-B18A-FF1FD4A91E29}"
EndProject
Global
	GlobalSection(SolutionConfigurationPlatforms) = preSolution
		Debug|Any CPU = Debug|Any CPU
		Release|Any CPU = Release|Any CPU
	EndGlobalSection
	GlobalSection(ProjectConfigurationPlatforms) = postSolution
		{800F289A-DD25-4D69-9382-27AB93F1316D}.Debug|Any CPU.ActiveCfg = Debug|Any CPU
		{800F289A-DD25-4D69-9382-27AB93F1316D}.Debug|Any CPU.Build.0 = Debug|Any CPU
		{800F289A-DD25-4D69-9382-27AB93F1316D}.Release|Any CPU.ActiveCfg = Release|Any CPU
		{800F289A-DD25-4D69-9382-27AB93F1316D}.Release|Any CPU.Build.0 = Release|Any CPU
		{751BE187-9CA1-42C1-962A-6613795825AD}.Debug|Any CPU.ActiveCfg = Debug|Any CPU
		{751BE187-9CA1-42C1-962A-6613795825AD}.Debug|Any CPU.Build.0 = Debug|Any CPU
		{751BE187-9CA1-42C1-962A-6613795825AD}.Release|Any CPU.ActiveCfg = Release|Any CPU
		{751BE187-9CA1-42C1-962A-6613795825AD}.Release|Any CPU.Build.0 = Release|Any CPU
		{5F48C9EC-AE1E-43FA-8E16-E797A59E2E17}.Debug|Any CPU.ActiveCfg = Debug|Any CPU
		{5F48C9EC-AE1E-43FA-8E16-E797A59E2E17}.Debug|Any CPU.Build.0 = Debug|Any CPU
		{5F48C9EC-AE1E-43FA-8E16-E797A59E2E17}.Release|Any CPU.ActiveCfg = Release|Any CPU
		{5F48C9EC-AE1E-43FA-8E16-E797A59E2E17}.Release|Any CPU.Build.0 = Release|Any CPU
		{2B0ACA55-99E1-4414-B18A-FF1FD4A91E29}.Debug|Any CPU.ActiveCfg = Debug|Any CPU
		{2B0ACA55-99E1-4414-B18A-FF1FD4A91E29}.Debug|Any CPU.Build.0 = Debug|Any CPU
		{2B0ACA55-99E1-4414-B18A-FF1FD4A91E29}.Release|Any CPU.ActiveCfg = Release|Any CPU
		{2B0ACA55-99E1-4414-B18A-FF1FD4A91E29}.Release|Any CPU.Build.0 = Release|Any CPU
	EndGlobalSection
	GlobalSection(SolutionProperties) = preSolution
		HideSolutionNode = FALSE
	EndGlobalSection
	GlobalSection(ExtensibilityGlobals) = postSolution
		SolutionGuid = {F2D3462A-250A-4B27-AA6E-B59735F6FBF7}
	EndGlobalSection
EndGlobal
